// !$*UTF8*$!
{
	archiveVersion = 1;
	classes = {
	};
	objectVersion = 50;
	objects = {

/* Begin PBXBuildFile section */
		8AF6BD052109600E00BFB7E7 /* AppDelegate.m in Sources */ = {isa = PBXBuildFile; fileRef = 8AF6BD042109600E00BFB7E7 /* AppDelegate.m */; };
		8AF6BD082109600E00BFB7E7 /* ViewController.m in Sources */ = {isa = PBXBuildFile; fileRef = 8AF6BD072109600E00BFB7E7 /* ViewController.m */; };
		8AF6BD0B2109600E00BFB7E7 /* Main.storyboard in Resources */ = {isa = PBXBuildFile; fileRef = 8AF6BD092109600E00BFB7E7 /* Main.storyboard */; };
		8AF6BD0E2109600E00BFB7E7 /* tempCoreData.xcdatamodeld in Sources */ = {isa = PBXBuildFile; fileRef = 8AF6BD0C2109600E00BFB7E7 /* tempCoreData.xcdatamodeld */; };
		8AF6BD102109601000BFB7E7 /* Assets.xcassets in Resources */ = {isa = PBXBuildFile; fileRef = 8AF6BD0F2109601000BFB7E7 /* Assets.xcassets */; };
		8AF6BD132109601000BFB7E7 /* LaunchScreen.storyboard in Resources */ = {isa = PBXBuildFile; fileRef = 8AF6BD112109601000BFB7E7 /* LaunchScreen.storyboard */; };
		8AF6BD162109601000BFB7E7 /* main.m in Sources */ = {isa = PBXBuildFile; fileRef = 8AF6BD152109601000BFB7E7 /* main.m */; };
		8AF6BD202109608700BFB7E7 /* Student+CoreDataClass.m in Sources */ = {isa = PBXBuildFile; fileRef = 8AF6BD1E2109608700BFB7E7 /* Student+CoreDataClass.m */; };
		8AF6BD212109608700BFB7E7 /* Student+CoreDataProperties.m in Sources */ = {isa = PBXBuildFile; fileRef = 8AF6BD1F2109608700BFB7E7 /* Student+CoreDataProperties.m */; };
		8AF6BD24210960BF00BFB7E7 /* CoreDataManager.m in Sources */ = {isa = PBXBuildFile; fileRef = 8AF6BD23210960BF00BFB7E7 /* CoreDataManager.m */; };
/* End PBXBuildFile section */

/* Begin PBXFileReference section */
		8AF6BD002109600E00BFB7E7 /* tempCoreData.app */ = {isa = PBXFileReference; explicitFileType = wrapper.application; includeInIndex = 0; path = tempCoreData.app; sourceTree = BUILT_PRODUCTS_DIR; };
		8AF6BD032109600E00BFB7E7 /* AppDelegate.h */ = {isa = PBXFileReference; lastKnownFileType = sourcecode.c.h; path = AppDelegate.h; sourceTree = "<group>"; };
		8AF6BD042109600E00BFB7E7 /* AppDelegate.m */ = {isa = PBXFileReference; lastKnownFileType = sourcecode.c.objc; path = AppDelegate.m; sourceTree = "<group>"; };
		8AF6BD062109600E00BFB7E7 /* ViewController.h */ = {isa = PBXFileReference; lastKnownFileType = sourcecode.c.h; path = ViewController.h; sourceTree = "<group>"; };
		8AF6BD072109600E00BFB7E7 /* ViewController.m */ = {isa = PBXFileReference; lastKnownFileType = sourcecode.c.objc; path = ViewController.m; sourceTree = "<group>"; };
		8AF6BD0A2109600E00BFB7E7 /* Base */ = {isa = PBXFileReference; lastKnownFileType = file.storyboard; name = Base; path = Base.lproj/Main.storyboard; sourceTree = "<group>"; };
		8AF6BD0D2109600E00BFB7E7 /* tempCoreData.xcdatamodel */ = {isa = PBXFileReference; lastKnownFileType = wrapper.xcdatamodel; path = tempCoreData.xcdatamodel; sourceTree = "<group>"; };
		8AF6BD0F2109601000BFB7E7 /* Assets.xcassets */ = {isa = PBXFileReference; lastKnownFileType = folder.assetcatalog; path = Assets.xcassets; sourceTree = "<group>"; };
		8AF6BD122109601000BFB7E7 /* Base */ = {isa = PBXFileReference; lastKnownFileType = file.storyboard; name = Base; path = Base.lproj/LaunchScreen.storyboard; sourceTree = "<group>"; };
		8AF6BD142109601000BFB7E7 /* Info.plist */ = {isa = PBXFileReference; lastKnownFileType = text.plist.xml; path = Info.plist; sourceTree = "<group>"; };
		8AF6BD152109601000BFB7E7 /* main.m */ = {isa = PBXFileReference; lastKnownFileType = sourcecode.c.objc; path = main.m; sourceTree = "<group>"; };
		8AF6BD1C2109608700BFB7E7 /* Student+CoreDataProperties.h */ = {isa = PBXFileReference; lastKnownFileType = sourcecode.c.h; path = "Student+CoreDataProperties.h"; sourceTree = "<group>"; };
		8AF6BD1D2109608700BFB7E7 /* Student+CoreDataClass.h */ = {isa = PBXFileReference; lastKnownFileType = sourcecode.c.h; path = "Student+CoreDataClass.h"; sourceTree = "<group>"; };
		8AF6BD1E2109608700BFB7E7 /* Student+CoreDataClass.m */ = {isa = PBXFileReference; lastKnownFileType = sourcecode.c.objc; path = "Student+CoreDataClass.m"; sourceTree = "<group>"; };
		8AF6BD1F2109608700BFB7E7 /* Student+CoreDataProperties.m */ = {isa = PBXFileReference; lastKnownFileType = sourcecode.c.objc; path = "Student+CoreDataProperties.m"; sourceTree = "<group>"; };
		8AF6BD22210960BF00BFB7E7 /* CoreDataManager.h */ = {isa = PBXFileReference; lastKnownFileType = sourcecode.c.h; path = CoreDataManager.h; sourceTree = "<group>"; };
		8AF6BD23210960BF00BFB7E7 /* CoreDataManager.m */ = {isa = PBXFileReference; lastKnownFileType = sourcecode.c.objc; path = CoreDataManager.m; sourceTree = "<group>"; };
/* End PBXFileReference section */

/* Begin PBXFrameworksBuildPhase section */
		8AF6BCFD2109600E00BFB7E7 /* Frameworks */ = {
			isa = PBXFrameworksBuildPhase;
			buildActionMask = 2147483647;
			files = (
			);
			runOnlyForDeploymentPostprocessing = 0;
		};
/* End PBXFrameworksBuildPhase section */

/* Begin PBXGroup section */
		8AF6BCF72109600E00BFB7E7 = {
			isa = PBXGroup;
			children = (
				8AF6BD022109600E00BFB7E7 /* tempCoreData */,
				8AF6BD012109600E00BFB7E7 /* Products */,
			);
			sourceTree = "<group>";
		};
		8AF6BD012109600E00BFB7E7 /* Products */ = {
			isa = PBXGroup;
			children = (
				8AF6BD002109600E00BFB7E7 /* tempCoreData.app */,
			);
			name = Products;
			sourceTree = "<group>";
		};
		8AF6BD022109600E00BFB7E7 /* tempCoreData */ = {
			isa = PBXGroup;
			children = (
				8AF6BD032109600E00BFB7E7 /* AppDelegate.h */,
				8AF6BD042109600E00BFB7E7 /* AppDelegate.m */,
				8AF6BD062109600E00BFB7E7 /* ViewController.h */,
				8AF6BD072109600E00BFB7E7 /* ViewController.m */,
				8AF6BD092109600E00BFB7E7 /* Main.storyboard */,
				8AF6BD0F2109601000BFB7E7 /* Assets.xcassets */,
				8AF6BD112109601000BFB7E7 /* LaunchScreen.storyboard */,
				8AF6BD142109601000BFB7E7 /* Info.plist */,
				8AF6BD152109601000BFB7E7 /* main.m */,
				8AF6BD0C2109600E00BFB7E7 /* tempCoreData.xcdatamodeld */,
				8AF6BD1C2109608700BFB7E7 /* Student+CoreDataProperties.h */,
				8AF6BD1D2109608700BFB7E7 /* Student+CoreDataClass.h */,
				8AF6BD1E2109608700BFB7E7 /* Student+CoreDataClass.m */,
				8AF6BD1F2109608700BFB7E7 /* Student+CoreDataProperties.m */,
				8AF6BD22210960BF00BFB7E7 /* CoreDataManager.h */,
				8AF6BD23210960BF00BFB7E7 /* CoreDataManager.m */,
			);
			path = tempCoreData;
			sourceTree = "<group>";
		};
/* End PBXGroup section */

/* Begin PBXNativeTarget section */
		8AF6BCFF2109600E00BFB7E7 /* tempCoreData */ = {
			isa = PBXNativeTarget;
			buildConfigurationList = 8AF6BD192109601000BFB7E7 /* Build configuration list for PBXNativeTarget "tempCoreData" */;
			buildPhases = (
				8AF6BCFC2109600E00BFB7E7 /* Sources */,
				8AF6BCFD2109600E00BFB7E7 /* Frameworks */,
				8AF6BCFE2109600E00BFB7E7 /* Resources */,
			);
			buildRules = (
			);
			dependencies = (
			);
			name = tempCoreData;
			productName = tempCoreData;
			productReference = 8AF6BD002109600E00BFB7E7 /* tempCoreData.app */;
			productType = "com.apple.product-type.application";
		};
/* End PBXNativeTarget section */

/* Begin PBXProject section */
		8AF6BCF82109600E00BFB7E7 /* Project object */ = {
			isa = PBXProject;
			attributes = {
				LastUpgradeCheck = 0940;
				ORGANIZATIONNAME = CocaCola;
				TargetAttributes = {
					8AF6BCFF2109600E00BFB7E7 = {
						CreatedOnToolsVersion = 9.4;
					};
				};
			};
			buildConfigurationList = 8AF6BCFB2109600E00BFB7E7 /* Build configuration list for PBXProject "tempCoreData" */;
			compatibilityVersion = "Xcode 9.3";
			developmentRegion = en;
			hasScannedForEncodings = 0;
			knownRegions = (
				en,
				Base,
			);
			mainGroup = 8AF6BCF72109600E00BFB7E7;
			productRefGroup = 8AF6BD012109600E00BFB7E7 /* Products */;
			projectDirPath = "";
			projectRoot = "";
			targets = (
				8AF6BCFF2109600E00BFB7E7 /* tempCoreData */,
			);
		};
/* End PBXProject section */

/* Begin PBXResourcesBuildPhase section */
		8AF6BCFE2109600E00BFB7E7 /* Resources */ = {
			isa = PBXResourcesBuildPhase;
			buildActionMask = 2147483647;
			files = (
				8AF6BD132109601000BFB7E7 /* LaunchScreen.storyboard in Resources */,
				8AF6BD102109601000BFB7E7 /* Assets.xcassets in Resources */,
				8AF6BD0B2109600E00BFB7E7 /* Main.storyboard in Resources */,
			);
			runOnlyForDeploymentPostprocessing = 0;
		};
/* End PBXResourcesBuildPhase section */

/* Begin PBXSourcesBuildPhase section */
		8AF6BCFC2109600E00BFB7E7 /* Sources */ = {
			isa = PBXSourcesBuildPhase;
			buildActionMask = 2147483647;
			files = (
				8AF6BD082109600E00BFB7E7 /* ViewController.m in Sources */,
				8AF6BD24210960BF00BFB7E7 /* CoreDataManager.m in Sources */,
				8AF6BD212109608700BFB7E7 /* Student+CoreDataProperties.m in Sources */,
				8AF6BD052109600E00BFB7E7 /* AppDelegate.m in Sources */,
				8AF6BD162109601000BFB7E7 /* main.m in Sources */,
				8AF6BD202109608700BFB7E7 /* Student+CoreDataClass.m in Sources */,
				8AF6BD0E2109600E00BFB7E7 /* tempCoreData.xcdatamodeld in Sources */,
			);
			runOnlyForDeploymentPostprocessing = 0;
		};
/* End PBXSourcesBuildPhase section */

/* Begin PBXVariantGroup section */
		8AF6BD092109600E00BFB7E7 /* Main.storyboard */ = {
			isa = PBXVariantGroup;
			children = (
				8AF6BD0A2109600E00BFB7E7 /* Base */,
			);
			name = Main.storyboard;
			sourceTree = "<group>";
		};
		8AF6BD112109601000BFB7E7 /* LaunchScreen.storyboard */ = {
			isa = PBXVariantGroup;
			children = (
				8AF6BD122109601000BFB7E7 /* Base */,
			);
			name = LaunchScreen.storyboard;
			sourceTree = "<group>";
		};
/* End PBXVariantGroup section */

/* Begin XCBuildConfiguration section */
		8AF6BD172109601000BFB7E7 /* Debug */ = {
			isa = XCBuildConfiguration;
			buildSettings = {
				ALWAYS_SEARCH_USER_PATHS = NO;
				CLANG_ANALYZER_NONNULL = YES;
				CLANG_ANALYZER_NUMBER_OBJECT_CONVERSION = YES_AGGRESSIVE;
				CLANG_CXX_LANGUAGE_STANDARD = "gnu++14";
				CLANG_CXX_LIBRARY = "libc++";
				CLANG_ENABLE_MODULES = YES;
				CLANG_ENABLE_OBJC_ARC = YES;
				CLANG_ENABLE_OBJC_WEAK = YES;
				CLANG_WARN_BLOCK_CAPTURE_AUTORELEASING = YES;
				CLANG_WARN_BOOL_CONVERSION = YES;
				CLANG_WARN_COMMA = YES;
				CLANG_WARN_CONSTANT_CONVERSION = YES;
				CLANG_WARN_DEPRECATED_OBJC_IMPLEMENTATIONS = YES;
				CLANG_WARN_DIRECT_OBJC_ISA_USAGE = YES_ERROR;
				CLANG_WARN_DOCUMENTATION_COMMENTS = YES;
				CLANG_WARN_EMPTY_BODY = YES;
				CLANG_WARN_ENUM_CONVERSION = YES;
				CLANG_WARN_INFINITE_RECURSION = YES;
				CLANG_WARN_INT_CONVERSION = YES;
				CLANG_WARN_NON_LITERAL_NULL_CONVERSION = YES;
				CLANG_WARN_OBJC_IMPLICIT_RETAIN_SELF = YES;
				CLANG_WARN_OBJC_LITERAL_CONVERSION = YES;
				CLANG_WARN_OBJC_ROOT_CLASS = YES_ERROR;
				CLANG_WARN_RANGE_LOOP_ANALYSIS = YES;
				CLANG_WARN_STRICT_PROTOTYPES = YES;
				CLANG_WARN_SUSPICIOUS_MOVE = YES;
				CLANG_WARN_UNGUARDED_AVAILABILITY = YES_AGGRESSIVE;
				CLANG_WARN_UNREACHABLE_CODE = YES;
				CLANG_WARN__DUPLICATE_METHOD_MATCH = YES;
				CODE_SIGN_IDENTITY = "iPhone Developer";
				COPY_PHASE_STRIP = NO;
				DEBUG_INFORMATION_FORMAT = dwarf;
				ENABLE_STRICT_OBJC_MSGSEND = YES;
				ENABLE_TESTABILITY = YES;
				GCC_C_LANGUAGE_STANDARD = gnu11;
				GCC_DYNAMIC_NO_PIC = NO;
				GCC_NO_COMMON_BLOCKS = YES;
				GCC_OPTIMIZATION_LEVEL = 0;
				GCC_PREPROCESSOR_DEFINITIONS = (
					"DEBUG=1",
					"$(inherited)",
				);
				GCC_WARN_64_TO_32_BIT_CONVERSION = YES;
				GCC_WARN_ABOUT_RETURN_TYPE = YES_ERROR;
				GCC_WARN_UNDECLARED_SELECTOR = YES;
				GCC_WARN_UNINITIALIZED_AUTOS = YES_AGGRESSIVE;
				GCC_WARN_UNUSED_FUNCTION = YES;
				GCC_WARN_UNUSED_VARIABLE = YES;
				IPHONEOS_DEPLOYMENT_TARGET = 11.4;
				MTL_ENABLE_DEBUG_INFO = YES;
				ONLY_ACTIVE_ARCH = YES;
				SDKROOT = iphoneos;
			};
			name = Debug;
		};
		8AF6BD182109601000BFB7E7 /* Release */ = {
			isa = XCBuildConfiguration;
			buildSettings = {
				ALWAYS_SEARCH_USER_PATHS = NO;
				CLANG_ANALYZER_NONNULL = YES;
				CLANG_ANALYZER_NUMBER_OBJECT_CONVERSION = YES_AGGRESSIVE;
				CLANG_CXX_LANGUAGE_STANDARD = "gnu++14";
				CLANG_CXX_LIBRARY = "libc++";
				CLANG_ENABLE_MODULES = YES;
				CLANG_ENABLE_OBJC_ARC = YES;
				CLANG_ENABLE_OBJC_WEAK = YES;
				CLANG_WARN_BLOCK_CAPTURE_AUTORELEASING = YES;
				CLANG_WARN_BOOL_CONVERSION = YES;
				CLANG_WARN_COMMA = YES;
				CLANG_WARN_CONSTANT_CONVERSION = YES;
				CLANG_WARN_DEPRECATED_OBJC_IMPLEMENTATIONS = YES;
				CLANG_WARN_DIRECT_OBJC_ISA_USAGE = YES_ERROR;
				CLANG_WARN_DOCUMENTATION_COMMENTS = YES;
				CLANG_WARN_EMPTY_BODY = YES;
				CLANG_WARN_ENUM_CONVERSION = YES;
				CLANG_WARN_INFINITE_RECURSION = YES;
				CLANG_WARN_INT_CONVERSION = YES;
				CLANG_WARN_NON_LITERAL_NULL_CONVERSION = YES;
				CLANG_WARN_OBJC_IMPLICIT_RETAIN_SELF = YES;
				CLANG_WARN_OBJC_LITERAL_CONVERSION = YES;
				CLANG_WARN_OBJC_ROOT_CLASS = YES_ERROR;
				CLANG_WARN_RANGE_LOOP_ANALYSIS = YES;
				CLANG_WARN_STRICT_PROTOTYPES = YES;
				CLANG_WARN_SUSPICIOUS_MOVE = YES;
				CLANG_WARN_UNGUARDED_AVAILABILITY = YES_AGGRESSIVE;
				CLANG_WARN_UNREACHABLE_CODE = YES;
				CLANG_WARN__DUPLICATE_METHOD_MATCH = YES;
				CODE_SIGN_IDENTITY = "iPhone Developer";
				COPY_PHASE_STRIP = NO;
				DEBUG_INFORMATION_FORMAT = "dwarf-with-dsym";
				ENABLE_NS_ASSERTIONS = NO;
				ENABLE_STRICT_OBJC_MSGSEND = YES;
				GCC_C_LANGUAGE_STANDARD = gnu11;
				GCC_NO_COMMON_BLOCKS = YES;
				GCC_WARN_64_TO_32_BIT_CONVERSION = YES;
				GCC_WARN_ABOUT_RETURN_TYPE = YES_ERROR;
				GCC_WARN_UNDECLARED_SELECTOR = YES;
				GCC_WARN_UNINITIALIZED_AUTOS = YES_AGGRESSIVE;
				GCC_WARN_UNUSED_FUNCTION = YES;
				GCC_WARN_UNUSED_VARIABLE = YES;
				IPHONEOS_DEPLOYMENT_TARGET = 11.4;
				MTL_ENABLE_DEBUG_INFO = NO;
				SDKROOT = iphoneos;
				VALIDATE_PRODUCT = YES;
			};
			name = Release;
		};
		8AF6BD1A2109601000BFB7E7 /* Debug */ = {
			isa = XCBuildConfiguration;
			buildSettings = {
				ASSETCATALOG_COMPILER_APPICON_NAME = AppIcon;
				CODE_SIGN_STYLE = Automatic;
				DEVELOPMENT_TEAM = ZRG49Y73VS;
				INFOPLIST_FILE = tempCoreData/Info.plist;
				LD_RUNPATH_SEARCH_PATHS = (
					"$(inherited)",
					"@executable_path/Frameworks",
				);
				PRODUCT_BUNDLE_IDENTIFIER = cn.czm.tempCoreData;
				PRODUCT_NAME = "$(TARGET_NAME)";
				TARGETED_DEVICE_FAMILY = "1,2";
			};
			name = Debug;
		};
		8AF6BD1B2109601000BFB7E7 /* Release */ = {
			isa = XCBuildConfiguration;
			buildSettings = {
				ASSETCATALOG_COMPILER_APPICON_NAME = AppIcon;
				CODE_SIGN_STYLE = Automatic;
				DEVELOPMENT_TEAM = ZRG49Y73VS;
				INFOPLIST_FILE = tempCoreData/Info.plist;
				LD_RUNPATH_SEARCH_PATHS = (
					"$(inherited)",
					"@executable_path/Frameworks",
				);
				PRODUCT_BUNDLE_IDENTIFIER = cn.czm.tempCoreData;
				PRODUCT_NAME = "$(TARGET_NAME)";
				TARGETED_DEVICE_FAMILY = "1,2";
			};
			name = Release;
		};
/* End XCBuildConfiguration section */

/* Begin XCConfigurationList section */
		8AF6BCFB2109600E00BFB7E7 /* Build configuration list for PBXProject "tempCoreData" */ = {
			isa = XCConfigurationList;
			buildConfigurations = (
				8AF6BD172109601000BFB7E7 /* Debug */,
				8AF6BD182109601000BFB7E7 /* Release */,
			);
			defaultConfigurationIsVisible = 0;
			defaultConfigurationName = Release;
		};
		8AF6BD192109601000BFB7E7 /* Build configuration list for PBXNativeTarget "tempCoreData" */ = {
			isa = XCConfigurationList;
			buildConfigurations = (
				8AF6BD1A2109601000BFB7E7 /* Debug */,
				8AF6BD1B2109601000BFB7E7 /* Release */,
			);
			defaultConfigurationIsVisible = 0;
			defaultConfigurationName = Release;
		};
/* End XCConfigurationList section */

/* Begin XCVersionGroup section */
		8AF6BD0C2109600E00BFB7E7 /* tempCoreData.xcdatamodeld */ = {
			isa = XCVersionGroup;
			children = (
				8AF6BD0D2109600E00BFB7E7 /* tempCoreData.xcdatamodel */,
			);
			currentVersion = 8AF6BD0D2109600E00BFB7E7 /* tempCoreData.xcdatamodel */;
			path = tempCoreData.xcdatamodeld;
			sourceTree = "<group>";
			versionGroupType = wrapper.xcdatamodel;
		};
/* End XCVersionGroup section */
	};
	rootObject = 8AF6BCF82109600E00BFB7E7 /* Project object */;
}
